
Microsoft Visual Studio Solution File, Format Version 12.00
# Visual Studio Version 17
VisualStudioVersion = 17.4.33213.308
MinimumVisualStudioVersion = 10.0.40219.1
Project("{FAE04EC0-301F-11D3-BF4B-00C04F79EFBC}") = "1.Thread_1", "1.Thread_1\1.Thread_1.csproj", "{C73FFA46-6BDA-450F-AA52-B4091BF4BD06}"
EndProject
Global
	GlobalSection(SolutionConfigurationPlatforms) = preSolution
		Debug|Any CPU = Debug|Any CPU
		Release|Any CPU = Release|Any CPU
	EndGlobalSection
	GlobalSection(ProjectConfigurationPlatforms) = postSolution
		{C73FFA46-6BDA-450F-AA52-B4091BF4BD06}.Debug|Any CPU.ActiveCfg = Debug|Any CPU
		{C73FFA46-6BDA-450F-AA52-B4091BF4BD06}.Debug|Any CPU.Build.0 = Debug|Any CPU
		{C73FFA46-6BDA-450F-AA52-B4091BF4BD06}.Release|Any CPU.ActiveCfg = Release|Any CPU
		{C73FFA46-6BDA-450F-AA52-B4091BF4BD06}.Release|Any CPU.Build.0 = Release|Any CPU
	EndGlobalSection
	GlobalSection(SolutionProperties) = preSolution
		HideSolutionNode = FALSE
	EndGlobalSection
	GlobalSection(ExtensibilityGlobals) = postSolution
		SolutionGuid = {299577A0-07E4-4E44-B686-434817CFB3C9}
	EndGlobalSection
EndGlobal
